
Microsoft Visual Studio Solution File, Format Version 12.00
# Visual Studio Version 16
VisualStudioVersion = 16.0.30621.155
MinimumVisualStudioVersion = 10.0.40219.1
Project("{FAE04EC0-301F-11D3-BF4B-00C04F79EFBC}") = "Mine sweeper", "Mine sweeper\Mine sweeper.csproj", "{1592AD98-D869-4F3E-9B68-B5271A0C1354}"
EndProject
Global
	GlobalSection(SolutionConfigurationPlatforms) = preSolution
		Debug|Any CPU = Debug|Any CPU
		Release|Any CPU = Release|Any CPU
	EndGlobalSection
	GlobalSection(ProjectConfigurationPlatforms) = postSolution
		{1592AD98-D869-4F3E-9B68-B5271A0C1354}.Debug|Any CPU.ActiveCfg = Debug|Any CPU
		{1592AD98-D869-4F3E-9B68-B5271A0C1354}.Debug|Any CPU.Build.0 = Debug|Any CPU
		{1592AD98-D869-4F3E-9B68-B5271A0C1354}.Release|Any CPU.ActiveCfg = Release|Any CPU
		{1592AD98-D869-4F3E-9B68-B5271A0C1354}.Release|Any CPU.Build.0 = Release|Any CPU
	EndGlobalSection
	GlobalSection(SolutionProperties) = preSolution
		HideSolutionNode = FALSE
	EndGlobalSection
	GlobalSection(ExtensibilityGlobals) = postSolution
		SolutionGuid = {F39D4572-0061-4390-BC32-69709B726F03}
	EndGlobalSection
EndGlobal
